
Microsoft Visual Studio Solution File, Format Version 12.00
# Visual Studio Version 17
VisualStudioVersion = 17.4.33020.496
MinimumVisualStudioVersion = 10.0.40219.1
Project("{9A19103F-16F7-4668-BE54-9A1E7A4F7556}") = "UrlShortener.Models", "UrlShortener.Models\UrlShortener.Models.csproj", "{746D7C77-1049-48F4-B88D-4FBEC5E07B87}"
EndProject
Project("{9A19103F-16F7-4668-BE54-9A1E7A4F7556}") = "UrlShortener.Core", "UrlShortener.Core\UrlShortener.Core.csproj", "{C5F075E6-A593-406C-B905-C4FE396E387D}"
EndProject
Project("{9A19103F-16F7-4668-BE54-9A1E7A4F7556}") = "UrlShortener.Client", "UrlShortener.Client\UrlShortener.Client.csproj", "{0B386811-F7C8-4F8E-8A27-5849D08E30DF}"
EndProject
Project("{FAE04EC0-301F-11D3-BF4B-00C04F79EFBC}") = "UrlShortener.API", "UrlShortener.API\UrlShortener.API.csproj", "{789758E8-5510-47A5-9FD4-97284C560F37}"
EndProject
Global
	GlobalSection(SolutionConfigurationPlatforms) = preSolution
		Debug|Any CPU = Debug|Any CPU
		Release|Any CPU = Release|Any CPU
	EndGlobalSection
	GlobalSection(ProjectConfigurationPlatforms) = postSolution
		{746D7C77-1049-48F4-B88D-4FBEC5E07B87}.Debug|Any CPU.ActiveCfg = Debug|Any CPU
		{746D7C77-1049-48F4-B88D-4FBEC5E07B87}.Debug|Any CPU.Build.0 = Debug|Any CPU
		{746D7C77-1049-48F4-B88D-4FBEC5E07B87}.Release|Any CPU.ActiveCfg = Release|Any CPU
		{746D7C77-1049-48F4-B88D-4FBEC5E07B87}.Release|Any CPU.Build.0 = Release|Any CPU
		{C5F075E6-A593-406C-B905-C4FE396E387D}.Debug|Any CPU.ActiveCfg = Debug|Any CPU
		{C5F075E6-A593-406C-B905-C4FE396E387D}.Debug|Any CPU.Build.0 = Debug|Any CPU
		{C5F075E6-A593-406C-B905-C4FE396E387D}.Release|Any CPU.ActiveCfg = Release|Any CPU
		{C5F075E6-A593-406C-B905-C4FE396E387D}.Release|Any CPU.Build.0 = Release|Any CPU
		{0B386811-F7C8-4F8E-8A27-5849D08E30DF}.Debug|Any CPU.ActiveCfg = Debug|Any CPU
		{0B386811-F7C8-4F8E-8A27-5849D08E30DF}.Debug|Any CPU.Build.0 = Debug|Any CPU
		{0B386811-F7C8-4F8E-8A27-5849D08E30DF}.Release|Any CPU.ActiveCfg = Release|Any CPU
		{0B386811-F7C8-4F8E-8A27-5849D08E30DF}.Release|Any CPU.Build.0 = Release|Any CPU
		{789758E8-5510-47A5-9FD4-97284C560F37}.Debug|Any CPU.ActiveCfg = Debug|Any CPU
		{789758E8-5510-47A5-9FD4-97284C560F37}.Debug|Any CPU.Build.0 = Debug|Any CPU
		{789758E8-5510-47A5-9FD4-97284C560F37}.Release|Any CPU.ActiveCfg = Release|Any CPU
		{789758E8-5510-47A5-9FD4-97284C560F37}.Release|Any CPU.Build.0 = Release|Any CPU
	EndGlobalSection
	GlobalSection(SolutionProperties) = preSolution
		HideSolutionNode = FALSE
	EndGlobalSection
	GlobalSection(ExtensibilityGlobals) = postSolution
		SolutionGuid = {50FB7483-B00B-400E-8E79-2D09D16C6C7D}
	EndGlobalSection
EndGlobal
